// !$*UTF8*$!
{
	archiveVersion = 1;
	classes = {
	};
	objectVersion = 50;
	objects = {

/* Begin PBXBuildFile section */
		CDEAE08025C2848C0059F7B8 /* AppDelegate.swift in Sources */ = {isa = PBXBuildFile; fileRef = CDEAE07F25C2848C0059F7B8 /* AppDelegate.swift */; };
		CDEAE08225C2848C0059F7B8 /* SceneDelegate.swift in Sources */ = {isa = PBXBuildFile; fileRef = CDEAE08125C2848C0059F7B8 /* SceneDelegate.swift */; };
		CDEAE08425C2848C0059F7B8 /* ViewController.swift in Sources */ = {isa = PBXBuildFile; fileRef = CDEAE08325C2848C0059F7B8 /* ViewController.swift */; };
		CDEAE08725C2848C0059F7B8 /* Main.storyboard in Resources */ = {isa = PBXBuildFile; fileRef = CDEAE08525C2848C0059F7B8 /* Main.storyboard */; };
		CDEAE08925C2848E0059F7B8 /* Assets.xcassets in Resources */ = {isa = PBXBuildFile; fileRef = CDEAE08825C2848E0059F7B8 /* Assets.xcassets */; };
		CDEAE08C25C2848E0059F7B8 /* LaunchScreen.storyboard in Resources */ = {isa = PBXBuildFile; fileRef = CDEAE08A25C2848E0059F7B8 /* LaunchScreen.storyboard */; };
		CDEAE09625C286BA0059F7B8 /* batsuSound.mp3 in Resources */ = {isa = PBXBuildFile; fileRef = CDEAE09525C286BA0059F7B8 /* batsuSound.mp3 */; };
		CDEAE09A25C286CE0059F7B8 /* sound.mp3 in Resources */ = {isa = PBXBuildFile; fileRef = CDEAE09825C286CE0059F7B8 /* sound.mp3 */; };
		CDEAE09B25C286CE0059F7B8 /* maruSound.mp3 in Resources */ = {isa = PBXBuildFile; fileRef = CDEAE09925C286CE0059F7B8 /* maruSound.mp3 */; };
		CDEAE0A625C295830059F7B8 /* NextViewController.swift in Sources */ = {isa = PBXBuildFile; fileRef = CDEAE0A525C295820059F7B8 /* NextViewController.swift */; };
/* End PBXBuildFile section */

/* Begin PBXFileReference section */
		CDEAE07C25C2848C0059F7B8 /* QuestionApp1.app */ = {isa = PBXFileReference; explicitFileType = wrapper.application; includeInIndex = 0; path = QuestionApp1.app; sourceTree = BUILT_PRODUCTS_DIR; };
		CDEAE07F25C2848C0059F7B8 /* AppDelegate.swift */ = {isa = PBXFileReference; lastKnownFileType = sourcecode.swift; path = AppDelegate.swift; sourceTree = "<group>"; };
		CDEAE08125C2848C0059F7B8 /* SceneDelegate.swift */ = {isa = PBXFileReference; lastKnownFileType = sourcecode.swift; path = SceneDelegate.swift; sourceTree = "<group>"; };
		CDEAE08325C2848C0059F7B8 /* ViewController.swift */ = {isa = PBXFileReference; lastKnownFileType = sourcecode.swift; path = ViewController.swift; sourceTree = "<group>"; };
		CDEAE08625C2848C0059F7B8 /* Base */ = {isa = PBXFileReference; lastKnownFileType = file.storyboard; name = Base; path = Base.lproj/Main.storyboard; sourceTree = "<group>"; };
		CDEAE08825C2848E0059F7B8 /* Assets.xcassets */ = {isa = PBXFileReference; lastKnownFileType = folder.assetcatalog; path = Assets.xcassets; sourceTree = "<group>"; };
		CDEAE08B25C2848E0059F7B8 /* Base */ = {isa = PBXFileReference; lastKnownFileType = file.storyboard; name = Base; path = Base.lproj/LaunchScreen.storyboard; sourceTree = "<group>"; };
		CDEAE08D25C2848E0059F7B8 /* Info.plist */ = {isa = PBXFileReference; lastKnownFileType = text.plist.xml; path = Info.plist; sourceTree = "<group>"; };
		CDEAE09525C286BA0059F7B8 /* batsuSound.mp3 */ = {isa = PBXFileReference; lastKnownFileType = audio.mp3; path = batsuSound.mp3; sourceTree = "<group>"; };
		CDEAE09825C286CE0059F7B8 /* sound.mp3 */ = {isa = PBXFileReference; lastKnownFileType = audio.mp3; path = sound.mp3; sourceTree = "<group>"; };
		CDEAE09925C286CE0059F7B8 /* maruSound.mp3 */ = {isa = PBXFileReference; lastKnownFileType = audio.mp3; path = maruSound.mp3; sourceTree = "<group>"; };
		CDEAE0A525C295820059F7B8 /* NextViewController.swift */ = {isa = PBXFileReference; lastKnownFileType = sourcecode.swift; path = NextViewController.swift; sourceTree = "<group>"; };
/* End PBXFileReference section */

/* Begin PBXFrameworksBuildPhase section */
		CDEAE07925C2848C0059F7B8 /* Frameworks */ = {
			isa = PBXFrameworksBuildPhase;
			buildActionMask = 2147483647;
			files = (
			);
			runOnlyForDeploymentPostprocessing = 0;
		};
/* End PBXFrameworksBuildPhase section */

/* Begin PBXGroup section */
		CDEAE07325C2848C0059F7B8 = {
			isa = PBXGroup;
			children = (
				CDEAE07E25C2848C0059F7B8 /* QuestionApp1 */,
				CDEAE07D25C2848C0059F7B8 /* Products */,
			);
			sourceTree = "<group>";
		};
		CDEAE07D25C2848C0059F7B8 /* Products */ = {
			isa = PBXGroup;
			children = (
				CDEAE07C25C2848C0059F7B8 /* QuestionApp1.app */,
			);
			name = Products;
			sourceTree = "<group>";
		};
		CDEAE07E25C2848C0059F7B8 /* QuestionApp1 */ = {
			isa = PBXGroup;
			children = (
				CDEAE0A125C288460059F7B8 /* Model */,
				CDEAE0A325C288CE0059F7B8 /* View */,
				CDEAE0A225C288600059F7B8 /* Controller */,
				CDEAE09525C286BA0059F7B8 /* batsuSound.mp3 */,
				CDEAE09925C286CE0059F7B8 /* maruSound.mp3 */,
				CDEAE09825C286CE0059F7B8 /* sound.mp3 */,
				CDEAE08A25C2848E0059F7B8 /* LaunchScreen.storyboard */,
				CDEAE08D25C2848E0059F7B8 /* Info.plist */,
			);
			path = QuestionApp1;
			sourceTree = "<group>";
		};
		CDEAE0A125C288460059F7B8 /* Model */ = {
			isa = PBXGroup;
			children = (
			);
			path = Model;
			sourceTree = "<group>";
		};
		CDEAE0A225C288600059F7B8 /* Controller */ = {
			isa = PBXGroup;
			children = (
				CDEAE07F25C2848C0059F7B8 /* AppDelegate.swift */,
				CDEAE08125C2848C0059F7B8 /* SceneDelegate.swift */,
				CDEAE08325C2848C0059F7B8 /* ViewController.swift */,
				CDEAE0A525C295820059F7B8 /* NextViewController.swift */,
			);
			path = Controller;
			sourceTree = "<group>";
		};
		CDEAE0A325C288CE0059F7B8 /* View */ = {
			isa = PBXGroup;
			children = (
				CDEAE08525C2848C0059F7B8 /* Main.storyboard */,
				CDEAE08825C2848E0059F7B8 /* Assets.xcassets */,
			);
			path = View;
			sourceTree = "<group>";
		};
/* End PBXGroup section */

/* Begin PBXNativeTarget section */
		CDEAE07B25C2848C0059F7B8 /* QuestionApp1 */ = {
			isa = PBXNativeTarget;
			buildConfigurationList = CDEAE09025C2848E0059F7B8 /* Build configuration list for PBXNativeTarget "QuestionApp1" */;
			buildPhases = (
				CDEAE07825C2848C0059F7B8 /* Sources */,
				CDEAE07925C2848C0059F7B8 /* Frameworks */,
				CDEAE07A25C2848C0059F7B8 /* Resources */,
			);
			buildRules = (
			);
			dependencies = (
			);
			name = QuestionApp1;
			productName = QuestionApp1;
			productReference = CDEAE07C25C2848C0059F7B8 /* QuestionApp1.app */;
			productType = "com.apple.product-type.application";
		};
/* End PBXNativeTarget section */

/* Begin PBXProject section */
		CDEAE07425C2848C0059F7B8 /* Project object */ = {
			isa = PBXProject;
			attributes = {
				LastSwiftUpdateCheck = 1230;
				LastUpgradeCheck = 1230;
				TargetAttributes = {
					CDEAE07B25C2848C0059F7B8 = {
						CreatedOnToolsVersion = 12.3;
					};
				};
			};
			buildConfigurationList = CDEAE07725C2848C0059F7B8 /* Build configuration list for PBXProject "QuestionApp1" */;
			compatibilityVersion = "Xcode 9.3";
			developmentRegion = en;
			hasScannedForEncodings = 0;
			knownRegions = (
				en,
				Base,
			);
			mainGroup = CDEAE07325C2848C0059F7B8;
			productRefGroup = CDEAE07D25C2848C0059F7B8 /* Products */;
			projectDirPath = "";
			projectRoot = "";
			targets = (
				CDEAE07B25C2848C0059F7B8 /* QuestionApp1 */,
			);
		};
/* End PBXProject section */

/* Begin PBXResourcesBuildPhase section */
		CDEAE07A25C2848C0059F7B8 /* Resources */ = {
			isa = PBXResourcesBuildPhase;
			buildActionMask = 2147483647;
			files = (
				CDEAE09625C286BA0059F7B8 /* batsuSound.mp3 in Resources */,
				CDEAE08C25C2848E0059F7B8 /* LaunchScreen.storyboard in Resources */,
				CDEAE08925C2848E0059F7B8 /* Assets.xcassets in Resources */,
				CDEAE08725C2848C0059F7B8 /* Main.storyboard in Resources */,
				CDEAE09A25C286CE0059F7B8 /* sound.mp3 in Resources */,
				CDEAE09B25C286CE0059F7B8 /* maruSound.mp3 in Resources */,
			);
			runOnlyForDeploymentPostprocessing = 0;
		};
/* End PBXResourcesBuildPhase section */

/* Begin PBXSourcesBuildPhase section */
		CDEAE07825C2848C0059F7B8 /* Sources */ = {
			isa = PBXSourcesBuildPhase;
			buildActionMask = 2147483647;
			files = (
				CDEAE08425C2848C0059F7B8 /* ViewController.swift in Sources */,
				CDEAE0A625C295830059F7B8 /* NextViewController.swift in Sources */,
				CDEAE08025C2848C0059F7B8 /* AppDelegate.swift in Sources */,
				CDEAE08225C2848C0059F7B8 /* SceneDelegate.swift in Sources */,
			);
			runOnlyForDeploymentPostprocessing = 0;
		};
/* End PBXSourcesBuildPhase section */

/* Begin PBXVariantGroup section */
		CDEAE08525C2848C0059F7B8 /* Main.storyboard */ = {
			isa = PBXVariantGroup;
			children = (
				CDEAE08625C2848C0059F7B8 /* Base */,
			);
			name = Main.storyboard;
			sourceTree = "<group>";
		};
		CDEAE08A25C2848E0059F7B8 /* LaunchScreen.storyboard */ = {
			isa = PBXVariantGroup;
			children = (
				CDEAE08B25C2848E0059F7B8 /* Base */,
			);
			name = LaunchScreen.storyboard;
			sourceTree = "<group>";
		};
/* End PBXVariantGroup section */

/* Begin XCBuildConfiguration section */
		CDEAE08E25C2848E0059F7B8 /* Debug */ = {
			isa = XCBuildConfiguration;
			buildSettings = {
				ALWAYS_SEARCH_USER_PATHS = NO;
				CLANG_ANALYZER_NONNULL = YES;
				CLANG_ANALYZER_NUMBER_OBJECT_CONVERSION = YES_AGGRESSIVE;
				CLANG_CXX_LANGUAGE_STANDARD = "gnu++14";
				CLANG_CXX_LIBRARY = "libc++";
				CLANG_ENABLE_MODULES = YES;
				CLANG_ENABLE_OBJC_ARC = YES;
				CLANG_ENABLE_OBJC_WEAK = YES;
				CLANG_WARN_BLOCK_CAPTURE_AUTORELEASING = YES;
				CLANG_WARN_BOOL_CONVERSION = YES;
				CLANG_WARN_COMMA = YES;
				CLANG_WARN_CONSTANT_CONVERSION = YES;
				CLANG_WARN_DEPRECATED_OBJC_IMPLEMENTATIONS = YES;
				CLANG_WARN_DIRECT_OBJC_ISA_USAGE = YES_ERROR;
				CLANG_WARN_DOCUMENTATION_COMMENTS = YES;
				CLANG_WARN_EMPTY_BODY = YES;
				CLANG_WARN_ENUM_CONVERSION = YES;
				CLANG_WARN_INFINITE_RECURSION = YES;
				CLANG_WARN_INT_CONVERSION = YES;
				CLANG_WARN_NON_LITERAL_NULL_CONVERSION = YES;
				CLANG_WARN_OBJC_IMPLICIT_RETAIN_SELF = YES;
				CLANG_WARN_OBJC_LITERAL_CONVERSION = YES;
				CLANG_WARN_OBJC_ROOT_CLASS = YES_ERROR;
				CLANG_WARN_QUOTED_INCLUDE_IN_FRAMEWORK_HEADER = YES;
				CLANG_WARN_RANGE_LOOP_ANALYSIS = YES;
				CLANG_WARN_STRICT_PROTOTYPES = YES;
				CLANG_WARN_SUSPICIOUS_MOVE = YES;
				CLANG_WARN_UNGUARDED_AVAILABILITY = YES_AGGRESSIVE;
				CLANG_WARN_UNREACHABLE_CODE = YES;
				CLANG_WARN__DUPLICATE_METHOD_MATCH = YES;
				COPY_PHASE_STRIP = NO;
				DEBUG_INFORMATION_FORMAT = dwarf;
				ENABLE_STRICT_OBJC_MSGSEND = YES;
				ENABLE_TESTABILITY = YES;
				GCC_C_LANGUAGE_STANDARD = gnu11;
				GCC_DYNAMIC_NO_PIC = NO;
				GCC_NO_COMMON_BLOCKS = YES;
				GCC_OPTIMIZATION_LEVEL = 0;
				GCC_PREPROCESSOR_DEFINITIONS = (
					"DEBUG=1",
					"$(inherited)",
				);
				GCC_WARN_64_TO_32_BIT_CONVERSION = YES;
				GCC_WARN_ABOUT_RETURN_TYPE = YES_ERROR;
				GCC_WARN_UNDECLARED_SELECTOR = YES;
				GCC_WARN_UNINITIALIZED_AUTOS = YES_AGGRESSIVE;
				GCC_WARN_UNUSED_FUNCTION = YES;
				GCC_WARN_UNUSED_VARIABLE = YES;
				IPHONEOS_DEPLOYMENT_TARGET = 14.3;
				MTL_ENABLE_DEBUG_INFO = INCLUDE_SOURCE;
				MTL_FAST_MATH = YES;
				ONLY_ACTIVE_ARCH = YES;
				SDKROOT = iphoneos;
				SWIFT_ACTIVE_COMPILATION_CONDITIONS = DEBUG;
				SWIFT_OPTIMIZATION_LEVEL = "-Onone";
			};
			name = Debug;
		};
		CDEAE08F25C2848E0059F7B8 /* Release */ = {
			isa = XCBuildConfiguration;
			buildSettings = {
				ALWAYS_SEARCH_USER_PATHS = NO;
				CLANG_ANALYZER_NONNULL = YES;
				CLANG_ANALYZER_NUMBER_OBJECT_CONVERSION = YES_AGGRESSIVE;
				CLANG_CXX_LANGUAGE_STANDARD = "gnu++14";
				CLANG_CXX_LIBRARY = "libc++";
				CLANG_ENABLE_MODULES = YES;
				CLANG_ENABLE_OBJC_ARC = YES;
				CLANG_ENABLE_OBJC_WEAK = YES;
				CLANG_WARN_BLOCK_CAPTURE_AUTORELEASING = YES;
				CLANG_WARN_BOOL_CONVERSION = YES;
				CLANG_WARN_COMMA = YES;
				CLANG_WARN_CONSTANT_CONVERSION = YES;
				CLANG_WARN_DEPRECATED_OBJC_IMPLEMENTATIONS = YES;
				CLANG_WARN_DIRECT_OBJC_ISA_USAGE = YES_ERROR;
				CLANG_WARN_DOCUMENTATION_COMMENTS = YES;
				CLANG_WARN_EMPTY_BODY = YES;
				CLANG_WARN_ENUM_CONVERSION = YES;
				CLANG_WARN_INFINITE_RECURSION = YES;
				CLANG_WARN_INT_CONVERSION = YES;
				CLANG_WARN_NON_LITERAL_NULL_CONVERSION = YES;
				CLANG_WARN_OBJC_IMPLICIT_RETAIN_SELF = YES;
				CLANG_WARN_OBJC_LITERAL_CONVERSION = YES;
				CLANG_WARN_OBJC_ROOT_CLASS = YES_ERROR;
				CLANG_WARN_QUOTED_INCLUDE_IN_FRAMEWORK_HEADER = YES;
				CLANG_WARN_RANGE_LOOP_ANALYSIS = YES;
				CLANG_WARN_STRICT_PROTOTYPES = YES;
				CLANG_WARN_SUSPICIOUS_MOVE = YES;
				CLANG_WARN_UNGUARDED_AVAILABILITY = YES_AGGRESSIVE;
				CLANG_WARN_UNREACHABLE_CODE = YES;
				CLANG_WARN__DUPLICATE_METHOD_MATCH = YES;
				COPY_PHASE_STRIP = NO;
				DEBUG_INFORMATION_FORMAT = "dwarf-with-dsym";
				ENABLE_NS_ASSERTIONS = NO;
				ENABLE_STRICT_OBJC_MSGSEND = YES;
				GCC_C_LANGUAGE_STANDARD = gnu11;
				GCC_NO_COMMON_BLOCKS = YES;
				GCC_WARN_64_TO_32_BIT_CONVERSION = YES;
				GCC_WARN_ABOUT_RETURN_TYPE = YES_ERROR;
				GCC_WARN_UNDECLARED_SELECTOR = YES;
				GCC_WARN_UNINITIALIZED_AUTOS = YES_AGGRESSIVE;
				GCC_WARN_UNUSED_FUNCTION = YES;
				GCC_WARN_UNUSED_VARIABLE = YES;
				IPHONEOS_DEPLOYMENT_TARGET = 14.3;
				MTL_ENABLE_DEBUG_INFO = NO;
				MTL_FAST_MATH = YES;
				SDKROOT = iphoneos;
				SWIFT_COMPILATION_MODE = wholemodule;
				SWIFT_OPTIMIZATION_LEVEL = "-O";
				VALIDATE_PRODUCT = YES;
			};
			name = Release;
		};
		CDEAE09125C2848E0059F7B8 /* Debug */ = {
			isa = XCBuildConfiguration;
			buildSettings = {
				ASSETCATALOG_COMPILER_APPICON_NAME = AppIcon;
				ASSETCATALOG_COMPILER_GLOBAL_ACCENT_COLOR_NAME = AccentColor;
				CODE_SIGN_STYLE = Automatic;
				DEVELOPMENT_TEAM = 646AKVHD92;
				INFOPLIST_FILE = QuestionApp1/Info.plist;
				LD_RUNPATH_SEARCH_PATHS = (
					"$(inherited)",
					"@executable_path/Frameworks",
				);
				PRODUCT_BUNDLE_IDENTIFIER = com.ryo.QuestionApp1;
				PRODUCT_NAME = "$(TARGET_NAME)";
				SWIFT_VERSION = 5.0;
				TARGETED_DEVICE_FAMILY = 1;
			};
			name = Debug;
		};
		CDEAE09225C2848E0059F7B8 /* Release */ = {
			isa = XCBuildConfiguration;
			buildSettings = {
				ASSETCATALOG_COMPILER_APPICON_NAME = AppIcon;
				ASSETCATALOG_COMPILER_GLOBAL_ACCENT_COLOR_NAME = AccentColor;
				CODE_SIGN_STYLE = Automatic;
				DEVELOPMENT_TEAM = 646AKVHD92;
				INFOPLIST_FILE = QuestionApp1/Info.plist;
				LD_RUNPATH_SEARCH_PATHS = (
					"$(inherited)",
					"@executable_path/Frameworks",
				);
				PRODUCT_BUNDLE_IDENTIFIER = com.ryo.QuestionApp1;
				PRODUCT_NAME = "$(TARGET_NAME)";
				SWIFT_VERSION = 5.0;
				TARGETED_DEVICE_FAMILY = 1;
			};
			name = Release;
		};
/* End XCBuildConfiguration section */

/* Begin XCConfigurationList section */
		CDEAE07725C2848C0059F7B8 /* Build configuration list for PBXProject "QuestionApp1" */ = {
			isa = XCConfigurationList;
			buildConfigurations = (
				CDEAE08E25C2848E0059F7B8 /* Debug */,
				CDEAE08F25C2848E0059F7B8 /* Release */,
			);
			defaultConfigurationIsVisible = 0;
			defaultConfigurationName = Release;
		};
		CDEAE09025C2848E0059F7B8 /* Build configuration list for PBXNativeTarget "QuestionApp1" */ = {
			isa = XCConfigurationList;
			buildConfigurations = (
				CDEAE09125C2848E0059F7B8 /* Debug */,
				CDEAE09225C2848E0059F7B8 /* Release */,
			);
			defaultConfigurationIsVisible = 0;
			defaultConfigurationName = Release;
		};
/* End XCConfigurationList section */
	};
	rootObject = CDEAE07425C2848C0059F7B8 /* Project object */;
}
